
Microsoft Visual Studio Solution File, Format Version 12.00
# Visual Studio 15
VisualStudioVersion = 15.0.28010.2016
MinimumVisualStudioVersion = 10.0.40219.1
Project("{9A19103F-16F7-4668-BE54-9A1E7A4F7556}") = "Param2Txt", "Param2Txt\Param2Txt.csproj", "{14F4ADFB-5EAC-4B10-9B0B-A446A3F1F97A}"
EndProject
Project("{9A19103F-16F7-4668-BE54-9A1E7A4F7556}") = "paracobNET", "paracobNET\paracobNET.csproj", "{353F9F36-DF0C-40FE-ACA9-760B0913FB2B}"
EndProject
Project("{FAE04EC0-301F-11D3-BF4B-00C04F79EFBC}") = "Param2Form", "Param2Form\Param2Form.csproj", "{627EBE7F-DE21-4988-895A-9DEC335895AA}"
EndProject
Project("{FAE04EC0-301F-11D3-BF4B-00C04F79EFBC}") = "ParamXML", "ParamXML\ParamXML.csproj", "{99322FDF-DE9E-48A0-B968-790109DBE439}"
EndProject
Global
	GlobalSection(SolutionConfigurationPlatforms) = preSolution
		Debug|Any CPU = Debug|Any CPU
		Release|Any CPU = Release|Any CPU
	EndGlobalSection
	GlobalSection(ProjectConfigurationPlatforms) = postSolution
		{14F4ADFB-5EAC-4B10-9B0B-A446A3F1F97A}.Debug|Any CPU.ActiveCfg = Debug|Any CPU
		{14F4ADFB-5EAC-4B10-9B0B-A446A3F1F97A}.Debug|Any CPU.Build.0 = Debug|Any CPU
		{14F4ADFB-5EAC-4B10-9B0B-A446A3F1F97A}.Release|Any CPU.ActiveCfg = Release|Any CPU
		{14F4ADFB-5EAC-4B10-9B0B-A446A3F1F97A}.Release|Any CPU.Build.0 = Release|Any CPU
		{353F9F36-DF0C-40FE-ACA9-760B0913FB2B}.Debug|Any CPU.ActiveCfg = Debug|Any CPU
		{353F9F36-DF0C-40FE-ACA9-760B0913FB2B}.Debug|Any CPU.Build.0 = Debug|Any CPU
		{353F9F36-DF0C-40FE-ACA9-760B0913FB2B}.Release|Any CPU.ActiveCfg = Release|Any CPU
		{353F9F36-DF0C-40FE-ACA9-760B0913FB2B}.Release|Any CPU.Build.0 = Release|Any CPU
		{627EBE7F-DE21-4988-895A-9DEC335895AA}.Debug|Any CPU.ActiveCfg = Debug|Any CPU
		{627EBE7F-DE21-4988-895A-9DEC335895AA}.Debug|Any CPU.Build.0 = Debug|Any CPU
		{627EBE7F-DE21-4988-895A-9DEC335895AA}.Release|Any CPU.ActiveCfg = Release|Any CPU
		{627EBE7F-DE21-4988-895A-9DEC335895AA}.Release|Any CPU.Build.0 = Release|Any CPU
		{99322FDF-DE9E-48A0-B968-790109DBE439}.Debug|Any CPU.ActiveCfg = Debug|Any CPU
		{99322FDF-DE9E-48A0-B968-790109DBE439}.Debug|Any CPU.Build.0 = Debug|Any CPU
		{99322FDF-DE9E-48A0-B968-790109DBE439}.Release|Any CPU.ActiveCfg = Release|Any CPU
		{99322FDF-DE9E-48A0-B968-790109DBE439}.Release|Any CPU.Build.0 = Release|Any CPU
	EndGlobalSection
	GlobalSection(SolutionProperties) = preSolution
		HideSolutionNode = FALSE
	EndGlobalSection
	GlobalSection(ExtensibilityGlobals) = postSolution
		SolutionGuid = {79620023-2F5B-4A76-BC8B-F17681FD2159}
	EndGlobalSection
EndGlobal
