
Microsoft Visual Studio Solution File, Format Version 12.00
# Visual Studio 15
VisualStudioVersion = 15.0.28010.2016
MinimumVisualStudioVersion = 10.0.40219.1
Project("{FAE04EC0-301F-11D3-BF4B-00C04F79EFBC}") = "paracobNet", "paracobNet\paracobNet.csproj", "{1569462A-2568-426E-8A04-290A0F74BD9A}"
EndProject
Global
	GlobalSection(SolutionConfigurationPlatforms) = preSolution
		Debug|Any CPU = Debug|Any CPU
		Release|Any CPU = Release|Any CPU
	EndGlobalSection
	GlobalSection(ProjectConfigurationPlatforms) = postSolution
		{1569462A-2568-426E-8A04-290A0F74BD9A}.Debug|Any CPU.ActiveCfg = Debug|Any CPU
		{1569462A-2568-426E-8A04-290A0F74BD9A}.Debug|Any CPU.Build.0 = Debug|Any CPU
		{1569462A-2568-426E-8A04-290A0F74BD9A}.Release|Any CPU.ActiveCfg = Release|Any CPU
		{1569462A-2568-426E-8A04-290A0F74BD9A}.Release|Any CPU.Build.0 = Release|Any CPU
	EndGlobalSection
	GlobalSection(SolutionProperties) = preSolution
		HideSolutionNode = FALSE
	EndGlobalSection
	GlobalSection(ExtensibilityGlobals) = postSolution
		SolutionGuid = {79620023-2F5B-4A76-BC8B-F17681FD2159}
	EndGlobalSection
EndGlobal
